// !$*UTF8*$!
{
	archiveVersion = 1;
	classes = {
	};
	objectVersion = 56;
	objects = {

/* Begin PBXBuildFile section */
		0E1167F7292023EC00A35CFC /* User.swift in Sources */ = {isa = PBXBuildFile; fileRef = 0E1167F6292023EC00A35CFC /* User.swift */; };
		0E16102E29377562000D9D61 /* LogScreenViewController.swift in Sources */ = {isa = PBXBuildFile; fileRef = 0E16102D29377562000D9D61 /* LogScreenViewController.swift */; };
		0E233496292518410020BA0B /* CardStackView.swift in Sources */ = {isa = PBXBuildFile; fileRef = 0E233495292518410020BA0B /* CardStackView.swift */; };
		0E23F405291AEB60003CE686 /* Notification.swift in Sources */ = {isa = PBXBuildFile; fileRef = 0E23F404291AEB60003CE686 /* Notification.swift */; };
		0E27DA34291408C900B768C0 /* AnimalPlace.swift in Sources */ = {isa = PBXBuildFile; fileRef = 0E27DA33291408C900B768C0 /* AnimalPlace.swift */; };
		0E3D6397292923B40057659C /* StaticAnimalCardView.swift in Sources */ = {isa = PBXBuildFile; fileRef = 0E3D6396292923B40057659C /* StaticAnimalCardView.swift */; };
		0E3D639929297F0C0057659C /* EditAnimalCardView.swift in Sources */ = {isa = PBXBuildFile; fileRef = 0E3D639829297F0C0057659C /* EditAnimalCardView.swift */; };
		0E3D63A0292983F90057659C /* CardButtonView.swift in Sources */ = {isa = PBXBuildFile; fileRef = 0E3D639F292983F90057659C /* CardButtonView.swift */; };
		0E3D63A229298B5F0057659C /* View + extension.swift in Sources */ = {isa = PBXBuildFile; fileRef = 0E3D63A129298B5F0057659C /* View + extension.swift */; };
		0E3D63A429298BF50057659C /* Modifiers.swift in Sources */ = {isa = PBXBuildFile; fileRef = 0E3D63A329298BF50057659C /* Modifiers.swift */; };
		0E45468629281BC6000EB218 /* FileManager + extension.swift in Sources */ = {isa = PBXBuildFile; fileRef = 0E45468529281BC6000EB218 /* FileManager + extension.swift */; };
		0E4EA7A22938DBEF0078E281 /* PreviewProvider + extension.swift in Sources */ = {isa = PBXBuildFile; fileRef = 0E4EA7A12938DBEF0078E281 /* PreviewProvider + extension.swift */; };
		0E4EA7A42938F7E90078E281 /* SheetView.swift in Sources */ = {isa = PBXBuildFile; fileRef = 0E4EA7A32938F7E90078E281 /* SheetView.swift */; };
		0E79A4A4292580A400B51688 /* AddAnimalView.swift in Sources */ = {isa = PBXBuildFile; fileRef = 0E79A4A3292580A400B51688 /* AddAnimalView.swift */; };
		0E7E92862940F93E00A03D7D /* Section.swift in Sources */ = {isa = PBXBuildFile; fileRef = 0E7E92852940F93E00A03D7D /* Section.swift */; };
		0E7E928C2941378300A03D7D /* ButtonTableViewCell.swift in Sources */ = {isa = PBXBuildFile; fileRef = 0E7E928B2941378300A03D7D /* ButtonTableViewCell.swift */; };
		0E8242D1291D21B200D7F99D /* DetailAnimalInfoView.swift in Sources */ = {isa = PBXBuildFile; fileRef = 0E8242D0291D21B200D7F99D /* DetailAnimalInfoView.swift */; };
		0E8242D3291D457000D7F99D /* UIButton + extension.swift in Sources */ = {isa = PBXBuildFile; fileRef = 0E8242D2291D457000D7F99D /* UIButton + extension.swift */; };
		0EACF0622930E23C005598E6 /* DinamicAnimalCardView.swift in Sources */ = {isa = PBXBuildFile; fileRef = 0EACF0612930E23C005598E6 /* DinamicAnimalCardView.swift */; };
		0EACF0642930E371005598E6 /* Animal.swift in Sources */ = {isa = PBXBuildFile; fileRef = 0EACF0632930E371005598E6 /* Animal.swift */; };
		0EACF06629310899005598E6 /* CallButtonView.swift in Sources */ = {isa = PBXBuildFile; fileRef = 0EACF06529310899005598E6 /* CallButtonView.swift */; };
		0EACF068293153C9005598E6 /* ApplicationManager.swift in Sources */ = {isa = PBXBuildFile; fileRef = 0EACF067293153C9005598E6 /* ApplicationManager.swift */; };
		0ED135472923DF9000BF3757 /* StorageManager.swift in Sources */ = {isa = PBXBuildFile; fileRef = 0ED135462923DF9000BF3757 /* StorageManager.swift */; };
		0ED5AD762912B22600042E12 /* Color + extension.swift in Sources */ = {isa = PBXBuildFile; fileRef = 0ED5AD752912B22600042E12 /* Color + extension.swift */; };
		0ED91C67293AA2C1000DDEE9 /* StandartBlueButton.swift in Sources */ = {isa = PBXBuildFile; fileRef = 0ED91C66293AA2C1000DDEE9 /* StandartBlueButton.swift */; };
		0EE7B7DD29377D1C001BCE90 /* LogScreenView.swift in Sources */ = {isa = PBXBuildFile; fileRef = 0EE7B7DC29377D1C001BCE90 /* LogScreenView.swift */; };
		0EE7B7E029377EE1001BCE90 /* LoginTFView.swift in Sources */ = {isa = PBXBuildFile; fileRef = 0EE7B7DF29377EE1001BCE90 /* LoginTFView.swift */; };
		0EE7B7E229378615001BCE90 /* PasswordTFView.swift in Sources */ = {isa = PBXBuildFile; fileRef = 0EE7B7E129378615001BCE90 /* PasswordTFView.swift */; };
		0EEC7A4E291026770016AB4A /* AppDelegate.swift in Sources */ = {isa = PBXBuildFile; fileRef = 0EEC7A4D291026770016AB4A /* AppDelegate.swift */; };
		0EEC7A50291026770016AB4A /* SceneDelegate.swift in Sources */ = {isa = PBXBuildFile; fileRef = 0EEC7A4F291026770016AB4A /* SceneDelegate.swift */; };
		0EEC7A52291026770016AB4A /* HomeViewController.swift in Sources */ = {isa = PBXBuildFile; fileRef = 0EEC7A51291026770016AB4A /* HomeViewController.swift */; };
		0EEC7A58291026770016AB4A /* PetCard.xcdatamodeld in Sources */ = {isa = PBXBuildFile; fileRef = 0EEC7A56291026770016AB4A /* PetCard.xcdatamodeld */; };
		0EEC7A5A291026780016AB4A /* Assets.xcassets in Resources */ = {isa = PBXBuildFile; fileRef = 0EEC7A59291026780016AB4A /* Assets.xcassets */; };
		0EEC7A5D291026780016AB4A /* LaunchScreen.storyboard in Resources */ = {isa = PBXBuildFile; fileRef = 0EEC7A5B291026780016AB4A /* LaunchScreen.storyboard */; };
		0EEC7A67291026DF0016AB4A /* MainTabBarController.swift in Sources */ = {isa = PBXBuildFile; fileRef = 0EEC7A66291026DF0016AB4A /* MainTabBarController.swift */; };
		0EEC7A6A291028D90016AB4A /* MapViewController.swift in Sources */ = {isa = PBXBuildFile; fileRef = 0EEC7A69291028D90016AB4A /* MapViewController.swift */; };
		0EEC7A6C291033510016AB4A /* ProfileViewController.swift in Sources */ = {isa = PBXBuildFile; fileRef = 0EEC7A6B291033510016AB4A /* ProfileViewController.swift */; };
		0EEC7A6E291041940016AB4A /* CalendarViewController.swift in Sources */ = {isa = PBXBuildFile; fileRef = 0EEC7A6D291041940016AB4A /* CalendarViewController.swift */; };
		0EF78E40293AB7F8005F0E2C /* RegisterView.swift in Sources */ = {isa = PBXBuildFile; fileRef = 0EF78E3F293AB7F8005F0E2C /* RegisterView.swift */; };
		0EF78E44293AC340005F0E2C /* ForgotPasswordView.swift in Sources */ = {isa = PBXBuildFile; fileRef = 0EF78E43293AC340005F0E2C /* ForgotPasswordView.swift */; };
		0EFA571229128ABB008C4DC6 /* MainNavigationController.swift in Sources */ = {isa = PBXBuildFile; fileRef = 0EFA571129128ABB008C4DC6 /* MainNavigationController.swift */; };
/* End PBXBuildFile section */

/* Begin PBXFileReference section */
		0E1167F6292023EC00A35CFC /* User.swift */ = {isa = PBXFileReference; lastKnownFileType = sourcecode.swift; path = User.swift; sourceTree = "<group>"; };
		0E16102D29377562000D9D61 /* LogScreenViewController.swift */ = {isa = PBXFileReference; lastKnownFileType = sourcecode.swift; path = LogScreenViewController.swift; sourceTree = "<group>"; };
		0E233495292518410020BA0B /* CardStackView.swift */ = {isa = PBXFileReference; lastKnownFileType = sourcecode.swift; path = CardStackView.swift; sourceTree = "<group>"; };
		0E23F404291AEB60003CE686 /* Notification.swift */ = {isa = PBXFileReference; lastKnownFileType = sourcecode.swift; path = Notification.swift; sourceTree = "<group>"; };
		0E27DA33291408C900B768C0 /* AnimalPlace.swift */ = {isa = PBXFileReference; lastKnownFileType = sourcecode.swift; path = AnimalPlace.swift; sourceTree = "<group>"; };
		0E3D6396292923B40057659C /* StaticAnimalCardView.swift */ = {isa = PBXFileReference; lastKnownFileType = sourcecode.swift; path = StaticAnimalCardView.swift; sourceTree = "<group>"; };
		0E3D639829297F0C0057659C /* EditAnimalCardView.swift */ = {isa = PBXFileReference; lastKnownFileType = sourcecode.swift; path = EditAnimalCardView.swift; sourceTree = "<group>"; };
		0E3D639F292983F90057659C /* CardButtonView.swift */ = {isa = PBXFileReference; lastKnownFileType = sourcecode.swift; path = CardButtonView.swift; sourceTree = "<group>"; };
		0E3D63A129298B5F0057659C /* View + extension.swift */ = {isa = PBXFileReference; lastKnownFileType = sourcecode.swift; path = "View + extension.swift"; sourceTree = "<group>"; };
		0E3D63A329298BF50057659C /* Modifiers.swift */ = {isa = PBXFileReference; lastKnownFileType = sourcecode.swift; path = Modifiers.swift; sourceTree = "<group>"; };
		0E45468529281BC6000EB218 /* FileManager + extension.swift */ = {isa = PBXFileReference; lastKnownFileType = sourcecode.swift; path = "FileManager + extension.swift"; sourceTree = "<group>"; };
		0E4EA7A12938DBEF0078E281 /* PreviewProvider + extension.swift */ = {isa = PBXFileReference; lastKnownFileType = sourcecode.swift; path = "PreviewProvider + extension.swift"; sourceTree = "<group>"; };
		0E4EA7A32938F7E90078E281 /* SheetView.swift */ = {isa = PBXFileReference; lastKnownFileType = sourcecode.swift; path = SheetView.swift; sourceTree = "<group>"; };
		0E79A4A3292580A400B51688 /* AddAnimalView.swift */ = {isa = PBXFileReference; lastKnownFileType = sourcecode.swift; path = AddAnimalView.swift; sourceTree = "<group>"; };
		0E7E92852940F93E00A03D7D /* Section.swift */ = {isa = PBXFileReference; lastKnownFileType = sourcecode.swift; path = Section.swift; sourceTree = "<group>"; };
		0E7E928B2941378300A03D7D /* ButtonTableViewCell.swift */ = {isa = PBXFileReference; lastKnownFileType = sourcecode.swift; path = ButtonTableViewCell.swift; sourceTree = "<group>"; };
		0E8242D0291D21B200D7F99D /* DetailAnimalInfoView.swift */ = {isa = PBXFileReference; lastKnownFileType = sourcecode.swift; path = DetailAnimalInfoView.swift; sourceTree = "<group>"; };
		0E8242D2291D457000D7F99D /* UIButton + extension.swift */ = {isa = PBXFileReference; lastKnownFileType = sourcecode.swift; path = "UIButton + extension.swift"; sourceTree = "<group>"; };
		0EACF0612930E23C005598E6 /* DinamicAnimalCardView.swift */ = {isa = PBXFileReference; lastKnownFileType = sourcecode.swift; path = DinamicAnimalCardView.swift; sourceTree = "<group>"; };
		0EACF0632930E371005598E6 /* Animal.swift */ = {isa = PBXFileReference; lastKnownFileType = sourcecode.swift; path = Animal.swift; sourceTree = "<group>"; };
		0EACF06529310899005598E6 /* CallButtonView.swift */ = {isa = PBXFileReference; lastKnownFileType = sourcecode.swift; path = CallButtonView.swift; sourceTree = "<group>"; };
		0EACF067293153C9005598E6 /* ApplicationManager.swift */ = {isa = PBXFileReference; lastKnownFileType = sourcecode.swift; path = ApplicationManager.swift; sourceTree = "<group>"; };
		0ED135462923DF9000BF3757 /* StorageManager.swift */ = {isa = PBXFileReference; lastKnownFileType = sourcecode.swift; path = StorageManager.swift; sourceTree = "<group>"; };
		0ED5AD752912B22600042E12 /* Color + extension.swift */ = {isa = PBXFileReference; lastKnownFileType = sourcecode.swift; path = "Color + extension.swift"; sourceTree = "<group>"; };
		0ED91C66293AA2C1000DDEE9 /* StandartBlueButton.swift */ = {isa = PBXFileReference; lastKnownFileType = sourcecode.swift; path = StandartBlueButton.swift; sourceTree = "<group>"; };
		0EE7B7DC29377D1C001BCE90 /* LogScreenView.swift */ = {isa = PBXFileReference; lastKnownFileType = sourcecode.swift; path = LogScreenView.swift; sourceTree = "<group>"; };
		0EE7B7DF29377EE1001BCE90 /* LoginTFView.swift */ = {isa = PBXFileReference; lastKnownFileType = sourcecode.swift; path = LoginTFView.swift; sourceTree = "<group>"; };
		0EE7B7E129378615001BCE90 /* PasswordTFView.swift */ = {isa = PBXFileReference; lastKnownFileType = sourcecode.swift; path = PasswordTFView.swift; sourceTree = "<group>"; };
		0EEC7A4A291026770016AB4A /* PetCard.app */ = {isa = PBXFileReference; explicitFileType = wrapper.application; includeInIndex = 0; path = PetCard.app; sourceTree = BUILT_PRODUCTS_DIR; };
		0EEC7A4D291026770016AB4A /* AppDelegate.swift */ = {isa = PBXFileReference; lastKnownFileType = sourcecode.swift; path = AppDelegate.swift; sourceTree = "<group>"; };
		0EEC7A4F291026770016AB4A /* SceneDelegate.swift */ = {isa = PBXFileReference; lastKnownFileType = sourcecode.swift; path = SceneDelegate.swift; sourceTree = "<group>"; };
		0EEC7A51291026770016AB4A /* HomeViewController.swift */ = {isa = PBXFileReference; lastKnownFileType = sourcecode.swift; path = HomeViewController.swift; sourceTree = "<group>"; };
		0EEC7A57291026770016AB4A /* PetCard.xcdatamodel */ = {isa = PBXFileReference; lastKnownFileType = wrapper.xcdatamodel; path = PetCard.xcdatamodel; sourceTree = "<group>"; };
		0EEC7A59291026780016AB4A /* Assets.xcassets */ = {isa = PBXFileReference; lastKnownFileType = folder.assetcatalog; path = Assets.xcassets; sourceTree = "<group>"; };
		0EEC7A5C291026780016AB4A /* Base */ = {isa = PBXFileReference; lastKnownFileType = file.storyboard; name = Base; path = Base.lproj/LaunchScreen.storyboard; sourceTree = "<group>"; };
		0EEC7A5E291026780016AB4A /* Info.plist */ = {isa = PBXFileReference; lastKnownFileType = text.plist.xml; path = Info.plist; sourceTree = "<group>"; };
		0EEC7A66291026DF0016AB4A /* MainTabBarController.swift */ = {isa = PBXFileReference; lastKnownFileType = sourcecode.swift; path = MainTabBarController.swift; sourceTree = "<group>"; };
		0EEC7A69291028D90016AB4A /* MapViewController.swift */ = {isa = PBXFileReference; lastKnownFileType = sourcecode.swift; path = MapViewController.swift; sourceTree = "<group>"; };
		0EEC7A6B291033510016AB4A /* ProfileViewController.swift */ = {isa = PBXFileReference; lastKnownFileType = sourcecode.swift; path = ProfileViewController.swift; sourceTree = "<group>"; };
		0EEC7A6D291041940016AB4A /* CalendarViewController.swift */ = {isa = PBXFileReference; lastKnownFileType = sourcecode.swift; path = CalendarViewController.swift; sourceTree = "<group>"; };
		0EF78E3F293AB7F8005F0E2C /* RegisterView.swift */ = {isa = PBXFileReference; lastKnownFileType = sourcecode.swift; path = RegisterView.swift; sourceTree = "<group>"; };
		0EF78E43293AC340005F0E2C /* ForgotPasswordView.swift */ = {isa = PBXFileReference; lastKnownFileType = sourcecode.swift; path = ForgotPasswordView.swift; sourceTree = "<group>"; };
		0EFA571129128ABB008C4DC6 /* MainNavigationController.swift */ = {isa = PBXFileReference; lastKnownFileType = sourcecode.swift; path = MainNavigationController.swift; sourceTree = "<group>"; };
/* End PBXFileReference section */

/* Begin PBXFrameworksBuildPhase section */
		0EEC7A47291026770016AB4A /* Frameworks */ = {
			isa = PBXFrameworksBuildPhase;
			buildActionMask = 2147483647;
			files = (
			);
			runOnlyForDeploymentPostprocessing = 0;
		};
/* End PBXFrameworksBuildPhase section */

/* Begin PBXGroup section */
		0E16102C2937754C000D9D61 /* LogScreenViewController */ = {
			isa = PBXGroup;
			children = (
				0E16102D29377562000D9D61 /* LogScreenViewController.swift */,
				0EF78E41293AC2E0005F0E2C /* Views */,
			);
			path = LogScreenViewController;
			sourceTree = "<group>";
		};
		0E3D639A292982F80057659C /* HomeViewController */ = {
			isa = PBXGroup;
			children = (
				0EEC7A51291026770016AB4A /* HomeViewController.swift */,
				0EF78E42293AC302005F0E2C /* Views */,
			);
			path = HomeViewController;
			sourceTree = "<group>";
		};
		0E3D639B2929830B0057659C /* CalendarViewController */ = {
			isa = PBXGroup;
			children = (
				0EEC7A6D291041940016AB4A /* CalendarViewController.swift */,
			);
			path = CalendarViewController;
			sourceTree = "<group>";
		};
		0E3D639C2929832C0057659C /* IItems */ = {
			isa = PBXGroup;
			children = (
				0E3D6396292923B40057659C /* StaticAnimalCardView.swift */,
				0EACF0612930E23C005598E6 /* DinamicAnimalCardView.swift */,
				0E3D639F292983F90057659C /* CardButtonView.swift */,
				0EACF06529310899005598E6 /* CallButtonView.swift */,
			);
			path = IItems;
			sourceTree = "<group>";
		};
		0E3D639D292983440057659C /* MapViewContolller */ = {
			isa = PBXGroup;
			children = (
				0EEC7A69291028D90016AB4A /* MapViewController.swift */,
				0E4EA7A32938F7E90078E281 /* SheetView.swift */,
			);
			path = MapViewContolller;
			sourceTree = "<group>";
		};
		0E3D639E2929835A0057659C /* ProfileViewController */ = {
			isa = PBXGroup;
			children = (
				0EEC7A6B291033510016AB4A /* ProfileViewController.swift */,
			);
			path = ProfileViewController;
			sourceTree = "<group>";
		};
		0E7E92842940F51E00A03D7D /* ViewModels */ = {
			isa = PBXGroup;
			children = (
			);
			path = ViewModels;
			sourceTree = "<group>";
		};
		0E7E928A2941377100A03D7D /* Cells */ = {
			isa = PBXGroup;
			children = (
				0E7E928B2941378300A03D7D /* ButtonTableViewCell.swift */,
			);
			path = Cells;
			sourceTree = "<group>";
		};
		0E9072EA2912D7AD00BA7800 /* Models */ = {
			isa = PBXGroup;
			children = (
				0EEC7A56291026770016AB4A /* PetCard.xcdatamodeld */,
				0E1167F6292023EC00A35CFC /* User.swift */,
				0EACF0632930E371005598E6 /* Animal.swift */,
				0E7E92852940F93E00A03D7D /* Section.swift */,
				0E27DA33291408C900B768C0 /* AnimalPlace.swift */,
				0E23F404291AEB60003CE686 /* Notification.swift */,
			);
			path = Models;
			sourceTree = "<group>";
		};
		0ED5AD742912B20B00042E12 /* Extensions */ = {
			isa = PBXGroup;
			children = (
				0ED5AD752912B22600042E12 /* Color + extension.swift */,
				0E8242D2291D457000D7F99D /* UIButton + extension.swift */,
				0E45468529281BC6000EB218 /* FileManager + extension.swift */,
				0E3D63A129298B5F0057659C /* View + extension.swift */,
				0E3D63A329298BF50057659C /* Modifiers.swift */,
				0E4EA7A12938DBEF0078E281 /* PreviewProvider + extension.swift */,
			);
			path = Extensions;
			sourceTree = "<group>";
		};
		0EE7B7DE29377EC6001BCE90 /* Items */ = {
			isa = PBXGroup;
			children = (
				0EE7B7DF29377EE1001BCE90 /* LoginTFView.swift */,
				0EE7B7E129378615001BCE90 /* PasswordTFView.swift */,
				0ED91C66293AA2C1000DDEE9 /* StandartBlueButton.swift */,
			);
			path = Items;
			sourceTree = "<group>";
		};
		0EEC7A41291026770016AB4A = {
			isa = PBXGroup;
			children = (
				0EEC7A4C291026770016AB4A /* PetCard */,
				0EEC7A4B291026770016AB4A /* Products */,
			);
			sourceTree = "<group>";
		};
		0EEC7A4B291026770016AB4A /* Products */ = {
			isa = PBXGroup;
			children = (
				0EEC7A4A291026770016AB4A /* PetCard.app */,
			);
			name = Products;
			sourceTree = "<group>";
		};
		0EEC7A4C291026770016AB4A /* PetCard */ = {
			isa = PBXGroup;
			children = (
				0EEC7A64291026A20016AB4A /* Application */,
				0EEC7A65291026C70016AB4A /* Navigations */,
				0EEC7A68291028970016AB4A /* ViewControllers */,
				0E9072EA2912D7AD00BA7800 /* Models */,
				0E7E92842940F51E00A03D7D /* ViewModels */,
				0ED5AD742912B20B00042E12 /* Extensions */,
				0EFA571329129B45008C4DC6 /* Resources */,
			);
			path = PetCard;
			sourceTree = "<group>";
		};
		0EEC7A64291026A20016AB4A /* Application */ = {
			isa = PBXGroup;
			children = (
				0EEC7A4D291026770016AB4A /* AppDelegate.swift */,
				0EEC7A4F291026770016AB4A /* SceneDelegate.swift */,
				0EEC7A5B291026780016AB4A /* LaunchScreen.storyboard */,
				0EEC7A5E291026780016AB4A /* Info.plist */,
			);
			path = Application;
			sourceTree = "<group>";
		};
		0EEC7A65291026C70016AB4A /* Navigations */ = {
			isa = PBXGroup;
			children = (
				0EFA571129128ABB008C4DC6 /* MainNavigationController.swift */,
				0EEC7A66291026DF0016AB4A /* MainTabBarController.swift */,
			);
			path = Navigations;
			sourceTree = "<group>";
		};
		0EEC7A68291028970016AB4A /* ViewControllers */ = {
			isa = PBXGroup;
			children = (
				0E7E928A2941377100A03D7D /* Cells */,
				0E16102C2937754C000D9D61 /* LogScreenViewController */,
				0E3D639A292982F80057659C /* HomeViewController */,
				0E3D639B2929830B0057659C /* CalendarViewController */,
				0E3D639D292983440057659C /* MapViewContolller */,
				0E3D639E2929835A0057659C /* ProfileViewController */,
			);
			path = ViewControllers;
			sourceTree = "<group>";
		};
		0EF78E41293AC2E0005F0E2C /* Views */ = {
			isa = PBXGroup;
			children = (
				0EE7B7DC29377D1C001BCE90 /* LogScreenView.swift */,
				0EF78E3F293AB7F8005F0E2C /* RegisterView.swift */,
				0EF78E43293AC340005F0E2C /* ForgotPasswordView.swift */,
				0EE7B7DE29377EC6001BCE90 /* Items */,
			);
			path = Views;
			sourceTree = "<group>";
		};
		0EF78E42293AC302005F0E2C /* Views */ = {
			isa = PBXGroup;
			children = (
				0E3D639C2929832C0057659C /* IItems */,
				0E233495292518410020BA0B /* CardStackView.swift */,
				0E8242D0291D21B200D7F99D /* DetailAnimalInfoView.swift */,
				0E3D639829297F0C0057659C /* EditAnimalCardView.swift */,
				0E79A4A3292580A400B51688 /* AddAnimalView.swift */,
			);
			path = Views;
			sourceTree = "<group>";
		};
		0EFA571329129B45008C4DC6 /* Resources */ = {
			isa = PBXGroup;
			children = (
				0EEC7A59291026780016AB4A /* Assets.xcassets */,
				0ED135462923DF9000BF3757 /* StorageManager.swift */,
				0EACF067293153C9005598E6 /* ApplicationManager.swift */,
			);
			path = Resources;
			sourceTree = "<group>";
		};
/* End PBXGroup section */

/* Begin PBXNativeTarget section */
		0EEC7A49291026770016AB4A /* PetCard */ = {
			isa = PBXNativeTarget;
			buildConfigurationList = 0EEC7A61291026780016AB4A /* Build configuration list for PBXNativeTarget "PetCard" */;
			buildPhases = (
				0EEC7A46291026770016AB4A /* Sources */,
				0EEC7A47291026770016AB4A /* Frameworks */,
				0EEC7A48291026770016AB4A /* Resources */,
			);
			buildRules = (
			);
			dependencies = (
			);
			name = PetCard;
			productName = PetCard;
			productReference = 0EEC7A4A291026770016AB4A /* PetCard.app */;
			productType = "com.apple.product-type.application";
		};
/* End PBXNativeTarget section */

/* Begin PBXProject section */
		0EEC7A42291026770016AB4A /* Project object */ = {
			isa = PBXProject;
			attributes = {
				BuildIndependentTargetsInParallel = 1;
				LastSwiftUpdateCheck = 1400;
				LastUpgradeCheck = 1400;
				TargetAttributes = {
					0EEC7A49291026770016AB4A = {
						CreatedOnToolsVersion = 14.0.1;
					};
				};
			};
			buildConfigurationList = 0EEC7A45291026770016AB4A /* Build configuration list for PBXProject "PetCard" */;
			compatibilityVersion = "Xcode 14.0";
			developmentRegion = en;
			hasScannedForEncodings = 0;
			knownRegions = (
				en,
				Base,
			);
			mainGroup = 0EEC7A41291026770016AB4A;
			productRefGroup = 0EEC7A4B291026770016AB4A /* Products */;
			projectDirPath = "";
			projectRoot = "";
			targets = (
				0EEC7A49291026770016AB4A /* PetCard */,
			);
		};
/* End PBXProject section */

/* Begin PBXResourcesBuildPhase section */
		0EEC7A48291026770016AB4A /* Resources */ = {
			isa = PBXResourcesBuildPhase;
			buildActionMask = 2147483647;
			files = (
				0EEC7A5D291026780016AB4A /* LaunchScreen.storyboard in Resources */,
				0EEC7A5A291026780016AB4A /* Assets.xcassets in Resources */,
			);
			runOnlyForDeploymentPostprocessing = 0;
		};
/* End PBXResourcesBuildPhase section */

/* Begin PBXSourcesBuildPhase section */
		0EEC7A46291026770016AB4A /* Sources */ = {
			isa = PBXSourcesBuildPhase;
			buildActionMask = 2147483647;
			files = (
				0E3D6397292923B40057659C /* StaticAnimalCardView.swift in Sources */,
				0ED135472923DF9000BF3757 /* StorageManager.swift in Sources */,
				0EACF0622930E23C005598E6 /* DinamicAnimalCardView.swift in Sources */,
				0E79A4A4292580A400B51688 /* AddAnimalView.swift in Sources */,
				0EE7B7E229378615001BCE90 /* PasswordTFView.swift in Sources */,
				0E233496292518410020BA0B /* CardStackView.swift in Sources */,
				0EACF06629310899005598E6 /* CallButtonView.swift in Sources */,
				0E3D63A229298B5F0057659C /* View + extension.swift in Sources */,
				0EFA571229128ABB008C4DC6 /* MainNavigationController.swift in Sources */,
				0E8242D1291D21B200D7F99D /* DetailAnimalInfoView.swift in Sources */,
				0EF78E44293AC340005F0E2C /* ForgotPasswordView.swift in Sources */,
				0EEC7A6E291041940016AB4A /* CalendarViewController.swift in Sources */,
				0E45468629281BC6000EB218 /* FileManager + extension.swift in Sources */,
				0EACF068293153C9005598E6 /* ApplicationManager.swift in Sources */,
				0E1167F7292023EC00A35CFC /* User.swift in Sources */,
				0E3D63A0292983F90057659C /* CardButtonView.swift in Sources */,
				0EE7B7DD29377D1C001BCE90 /* LogScreenView.swift in Sources */,
				0EEC7A52291026770016AB4A /* HomeViewController.swift in Sources */,
				0EEC7A6A291028D90016AB4A /* MapViewController.swift in Sources */,
				0EEC7A4E291026770016AB4A /* AppDelegate.swift in Sources */,
				0E4EA7A22938DBEF0078E281 /* PreviewProvider + extension.swift in Sources */,
				0EEC7A67291026DF0016AB4A /* MainTabBarController.swift in Sources */,
				0E4EA7A42938F7E90078E281 /* SheetView.swift in Sources */,
				0EACF0642930E371005598E6 /* Animal.swift in Sources */,
				0ED91C67293AA2C1000DDEE9 /* StandartBlueButton.swift in Sources */,
				0E23F405291AEB60003CE686 /* Notification.swift in Sources */,
				0E7E928C2941378300A03D7D /* ButtonTableViewCell.swift in Sources */,
				0EF78E40293AB7F8005F0E2C /* RegisterView.swift in Sources */,
				0EEC7A50291026770016AB4A /* SceneDelegate.swift in Sources */,
				0E3D639929297F0C0057659C /* EditAnimalCardView.swift in Sources */,
				0E27DA34291408C900B768C0 /* AnimalPlace.swift in Sources */,
				0ED5AD762912B22600042E12 /* Color + extension.swift in Sources */,
				0EE7B7E029377EE1001BCE90 /* LoginTFView.swift in Sources */,
				0E7E92862940F93E00A03D7D /* Section.swift in Sources */,
				0E16102E29377562000D9D61 /* LogScreenViewController.swift in Sources */,
				0EEC7A6C291033510016AB4A /* ProfileViewController.swift in Sources */,
				0EEC7A58291026770016AB4A /* PetCard.xcdatamodeld in Sources */,
				0E8242D3291D457000D7F99D /* UIButton + extension.swift in Sources */,
				0E3D63A429298BF50057659C /* Modifiers.swift in Sources */,
			);
			runOnlyForDeploymentPostprocessing = 0;
		};
/* End PBXSourcesBuildPhase section */

/* Begin PBXVariantGroup section */
		0EEC7A5B291026780016AB4A /* LaunchScreen.storyboard */ = {
			isa = PBXVariantGroup;
			children = (
				0EEC7A5C291026780016AB4A /* Base */,
			);
			name = LaunchScreen.storyboard;
			sourceTree = "<group>";
		};
/* End PBXVariantGroup section */

/* Begin XCBuildConfiguration section */
		0EEC7A5F291026780016AB4A /* Debug */ = {
			isa = XCBuildConfiguration;
			buildSettings = {
				ALWAYS_SEARCH_USER_PATHS = NO;
				CLANG_ANALYZER_NONNULL = YES;
				CLANG_ANALYZER_NUMBER_OBJECT_CONVERSION = YES_AGGRESSIVE;
				CLANG_CXX_LANGUAGE_STANDARD = "gnu++20";
				CLANG_ENABLE_MODULES = YES;
				CLANG_ENABLE_OBJC_ARC = YES;
				CLANG_ENABLE_OBJC_WEAK = YES;
				CLANG_WARN_BLOCK_CAPTURE_AUTORELEASING = YES;
				CLANG_WARN_BOOL_CONVERSION = YES;
				CLANG_WARN_COMMA = YES;
				CLANG_WARN_CONSTANT_CONVERSION = YES;
				CLANG_WARN_DEPRECATED_OBJC_IMPLEMENTATIONS = YES;
				CLANG_WARN_DIRECT_OBJC_ISA_USAGE = YES_ERROR;
				CLANG_WARN_DOCUMENTATION_COMMENTS = YES;
				CLANG_WARN_EMPTY_BODY = YES;
				CLANG_WARN_ENUM_CONVERSION = YES;
				CLANG_WARN_INFINITE_RECURSION = YES;
				CLANG_WARN_INT_CONVERSION = YES;
				CLANG_WARN_NON_LITERAL_NULL_CONVERSION = YES;
				CLANG_WARN_OBJC_IMPLICIT_RETAIN_SELF = YES;
				CLANG_WARN_OBJC_LITERAL_CONVERSION = YES;
				CLANG_WARN_OBJC_ROOT_CLASS = YES_ERROR;
				CLANG_WARN_QUOTED_INCLUDE_IN_FRAMEWORK_HEADER = YES;
				CLANG_WARN_RANGE_LOOP_ANALYSIS = YES;
				CLANG_WARN_STRICT_PROTOTYPES = YES;
				CLANG_WARN_SUSPICIOUS_MOVE = YES;
				CLANG_WARN_UNGUARDED_AVAILABILITY = YES_AGGRESSIVE;
				CLANG_WARN_UNREACHABLE_CODE = YES;
				CLANG_WARN__DUPLICATE_METHOD_MATCH = YES;
				COPY_PHASE_STRIP = NO;
				DEBUG_INFORMATION_FORMAT = dwarf;
				ENABLE_STRICT_OBJC_MSGSEND = YES;
				ENABLE_TESTABILITY = YES;
				GCC_C_LANGUAGE_STANDARD = gnu11;
				GCC_DYNAMIC_NO_PIC = NO;
				GCC_NO_COMMON_BLOCKS = YES;
				GCC_OPTIMIZATION_LEVEL = 0;
				GCC_PREPROCESSOR_DEFINITIONS = (
					"DEBUG=1",
					"$(inherited)",
				);
				GCC_WARN_64_TO_32_BIT_CONVERSION = YES;
				GCC_WARN_ABOUT_RETURN_TYPE = YES_ERROR;
				GCC_WARN_UNDECLARED_SELECTOR = YES;
				GCC_WARN_UNINITIALIZED_AUTOS = YES_AGGRESSIVE;
				GCC_WARN_UNUSED_FUNCTION = YES;
				GCC_WARN_UNUSED_VARIABLE = YES;
				IPHONEOS_DEPLOYMENT_TARGET = 16.0;
				MTL_ENABLE_DEBUG_INFO = INCLUDE_SOURCE;
				MTL_FAST_MATH = YES;
				ONLY_ACTIVE_ARCH = YES;
				SDKROOT = iphoneos;
				SWIFT_ACTIVE_COMPILATION_CONDITIONS = DEBUG;
				SWIFT_OPTIMIZATION_LEVEL = "-Onone";
			};
			name = Debug;
		};
		0EEC7A60291026780016AB4A /* Release */ = {
			isa = XCBuildConfiguration;
			buildSettings = {
				ALWAYS_SEARCH_USER_PATHS = NO;
				CLANG_ANALYZER_NONNULL = YES;
				CLANG_ANALYZER_NUMBER_OBJECT_CONVERSION = YES_AGGRESSIVE;
				CLANG_CXX_LANGUAGE_STANDARD = "gnu++20";
				CLANG_ENABLE_MODULES = YES;
				CLANG_ENABLE_OBJC_ARC = YES;
				CLANG_ENABLE_OBJC_WEAK = YES;
				CLANG_WARN_BLOCK_CAPTURE_AUTORELEASING = YES;
				CLANG_WARN_BOOL_CONVERSION = YES;
				CLANG_WARN_COMMA = YES;
				CLANG_WARN_CONSTANT_CONVERSION = YES;
				CLANG_WARN_DEPRECATED_OBJC_IMPLEMENTATIONS = YES;
				CLANG_WARN_DIRECT_OBJC_ISA_USAGE = YES_ERROR;
				CLANG_WARN_DOCUMENTATION_COMMENTS = YES;
				CLANG_WARN_EMPTY_BODY = YES;
				CLANG_WARN_ENUM_CONVERSION = YES;
				CLANG_WARN_INFINITE_RECURSION = YES;
				CLANG_WARN_INT_CONVERSION = YES;
				CLANG_WARN_NON_LITERAL_NULL_CONVERSION = YES;
				CLANG_WARN_OBJC_IMPLICIT_RETAIN_SELF = YES;
				CLANG_WARN_OBJC_LITERAL_CONVERSION = YES;
				CLANG_WARN_OBJC_ROOT_CLASS = YES_ERROR;
				CLANG_WARN_QUOTED_INCLUDE_IN_FRAMEWORK_HEADER = YES;
				CLANG_WARN_RANGE_LOOP_ANALYSIS = YES;
				CLANG_WARN_STRICT_PROTOTYPES = YES;
				CLANG_WARN_SUSPICIOUS_MOVE = YES;
				CLANG_WARN_UNGUARDED_AVAILABILITY = YES_AGGRESSIVE;
				CLANG_WARN_UNREACHABLE_CODE = YES;
				CLANG_WARN__DUPLICATE_METHOD_MATCH = YES;
				COPY_PHASE_STRIP = NO;
				DEBUG_INFORMATION_FORMAT = "dwarf-with-dsym";
				ENABLE_NS_ASSERTIONS = NO;
				ENABLE_STRICT_OBJC_MSGSEND = YES;
				GCC_C_LANGUAGE_STANDARD = gnu11;
				GCC_NO_COMMON_BLOCKS = YES;
				GCC_WARN_64_TO_32_BIT_CONVERSION = YES;
				GCC_WARN_ABOUT_RETURN_TYPE = YES_ERROR;
				GCC_WARN_UNDECLARED_SELECTOR = YES;
				GCC_WARN_UNINITIALIZED_AUTOS = YES_AGGRESSIVE;
				GCC_WARN_UNUSED_FUNCTION = YES;
				GCC_WARN_UNUSED_VARIABLE = YES;
				IPHONEOS_DEPLOYMENT_TARGET = 16.0;
				MTL_ENABLE_DEBUG_INFO = NO;
				MTL_FAST_MATH = YES;
				SDKROOT = iphoneos;
				SWIFT_COMPILATION_MODE = wholemodule;
				SWIFT_OPTIMIZATION_LEVEL = "-O";
				VALIDATE_PRODUCT = YES;
			};
			name = Release;
		};
		0EEC7A62291026780016AB4A /* Debug */ = {
			isa = XCBuildConfiguration;
			buildSettings = {
				ASSETCATALOG_COMPILER_APPICON_NAME = AppIcon;
				ASSETCATALOG_COMPILER_GLOBAL_ACCENT_COLOR_NAME = AccentColor;
				CODE_SIGN_STYLE = Automatic;
				CURRENT_PROJECT_VERSION = 1;
				DEVELOPMENT_TEAM = G56833V6RD;
				GENERATE_INFOPLIST_FILE = YES;
				INFOPLIST_FILE = PetCard/Application/Info.plist;
				INFOPLIST_KEY_UIApplicationSupportsIndirectInputEvents = YES;
				INFOPLIST_KEY_UILaunchStoryboardName = LaunchScreen;
				INFOPLIST_KEY_UIMainStoryboardFile = "";
				INFOPLIST_KEY_UIStatusBarStyle = "";
				INFOPLIST_KEY_UISupportedInterfaceOrientations = UIInterfaceOrientationPortrait;
				INFOPLIST_KEY_UISupportedInterfaceOrientations_iPad = "UIInterfaceOrientationLandscapeLeft UIInterfaceOrientationLandscapeRight UIInterfaceOrientationPortrait UIInterfaceOrientationPortraitUpsideDown";
				IPHONEOS_DEPLOYMENT_TARGET = 15.0;
				LD_RUNPATH_SEARCH_PATHS = (
					"$(inherited)",
					"@executable_path/Frameworks",
				);
				MARKETING_VERSION = 0.1;
				PRODUCT_BUNDLE_IDENTIFIER = "Vardant-Coding.PetCard";
				PRODUCT_NAME = "$(TARGET_NAME)";
				SUPPORTED_PLATFORMS = "iphoneos iphonesimulator";
				SUPPORTS_MACCATALYST = NO;
				SUPPORTS_MAC_DESIGNED_FOR_IPHONE_IPAD = NO;
				SWIFT_EMIT_LOC_STRINGS = YES;
				SWIFT_VERSION = 5.0;
				TARGETED_DEVICE_FAMILY = 1;
			};
			name = Debug;
		};
		0EEC7A63291026780016AB4A /* Release */ = {
			isa = XCBuildConfiguration;
			buildSettings = {
				ASSETCATALOG_COMPILER_APPICON_NAME = AppIcon;
				ASSETCATALOG_COMPILER_GLOBAL_ACCENT_COLOR_NAME = AccentColor;
				CODE_SIGN_STYLE = Automatic;
				CURRENT_PROJECT_VERSION = 1;
				DEVELOPMENT_TEAM = G56833V6RD;
				GENERATE_INFOPLIST_FILE = YES;
				INFOPLIST_FILE = PetCard/Application/Info.plist;
				INFOPLIST_KEY_UIApplicationSupportsIndirectInputEvents = YES;
				INFOPLIST_KEY_UILaunchStoryboardName = LaunchScreen;
				INFOPLIST_KEY_UIMainStoryboardFile = "";
				INFOPLIST_KEY_UIStatusBarStyle = "";
				INFOPLIST_KEY_UISupportedInterfaceOrientations = UIInterfaceOrientationPortrait;
				INFOPLIST_KEY_UISupportedInterfaceOrientations_iPad = "UIInterfaceOrientationLandscapeLeft UIInterfaceOrientationLandscapeRight UIInterfaceOrientationPortrait UIInterfaceOrientationPortraitUpsideDown";
				IPHONEOS_DEPLOYMENT_TARGET = 15.0;
				LD_RUNPATH_SEARCH_PATHS = (
					"$(inherited)",
					"@executable_path/Frameworks",
				);
				MARKETING_VERSION = 0.1;
				PRODUCT_BUNDLE_IDENTIFIER = "Vardant-Coding.PetCard";
				PRODUCT_NAME = "$(TARGET_NAME)";
				SUPPORTED_PLATFORMS = "iphoneos iphonesimulator";
				SUPPORTS_MACCATALYST = NO;
				SUPPORTS_MAC_DESIGNED_FOR_IPHONE_IPAD = NO;
				SWIFT_EMIT_LOC_STRINGS = YES;
				SWIFT_VERSION = 5.0;
				TARGETED_DEVICE_FAMILY = 1;
			};
			name = Release;
		};
/* End XCBuildConfiguration section */

/* Begin XCConfigurationList section */
		0EEC7A45291026770016AB4A /* Build configuration list for PBXProject "PetCard" */ = {
			isa = XCConfigurationList;
			buildConfigurations = (
				0EEC7A5F291026780016AB4A /* Debug */,
				0EEC7A60291026780016AB4A /* Release */,
			);
			defaultConfigurationIsVisible = 0;
			defaultConfigurationName = Release;
		};
		0EEC7A61291026780016AB4A /* Build configuration list for PBXNativeTarget "PetCard" */ = {
			isa = XCConfigurationList;
			buildConfigurations = (
				0EEC7A62291026780016AB4A /* Debug */,
				0EEC7A63291026780016AB4A /* Release */,
			);
			defaultConfigurationIsVisible = 0;
			defaultConfigurationName = Release;
		};
/* End XCConfigurationList section */

/* Begin XCVersionGroup section */
		0EEC7A56291026770016AB4A /* PetCard.xcdatamodeld */ = {
			isa = XCVersionGroup;
			children = (
				0EEC7A57291026770016AB4A /* PetCard.xcdatamodel */,
			);
			currentVersion = 0EEC7A57291026770016AB4A /* PetCard.xcdatamodel */;
			path = PetCard.xcdatamodeld;
			sourceTree = "<group>";
			versionGroupType = wrapper.xcdatamodel;
		};
/* End XCVersionGroup section */
	};
	rootObject = 0EEC7A42291026770016AB4A /* Project object */;
}
